{
  "name": "@babel/parser-lite",
  "version": "7.4.5",
  "lockfileVersion": 1,
  "requires": true,
  "dependencies": {
    "@babel/parser": {
      "version": "7.4.5",
      "resolved": "https://registry.npmjs.org/@babel/parser/-/parser-7.4.5.tgz",
      "integrity": "sha512-9mUqkL1FF5T7f0WDFfAoDdiMVPWsdD1gZYzSnaXsxUCUqzuch/8of9G3VUSNiZmMBoRxT3neyVsqeiL/ZPcjew==",
      "dev": true
    },
    "charcodes": {
      "version": "0.2.0",
      "resolved": "https://registry.npmjs.org/charcodes/-/charcodes-0.2.0.tgz",
      "integrity": "sha512-Y4kiDb+AM4Ecy58YkuZrrSRJBDQdQ2L+NyS1vHHFtNtUjgutcZfx3yp1dAONI/oPaPmyGfCLx5CxL+zauIMyKQ==",
      "dev": true
    }
  }
}
